{
  "name": "betterportal",
  "version": "1.0.0",
  "lockfileVersion": 3,
  "requires": true,
  "packages": {
    "": {
      "name": "betterportal",
      "version": "1.0.0",
      "license": "(AGPL-3.0-only OR Commercial)",
      "workspaces": [
        "framework/nodejs",
        "plugins/nodejs/betterportal-bsb",
        "auth/nodejs",
        "themes/nodejs/bootstrap1",
        "themes/nodejs/embedded",
        "services/nodejs/examples/hello-view"
      ]
    },
    "../../../../_win_repos/jsx-htmx": {
      "version": "2.0.1",
      "license": "AGPL-3.0-only",
      "dependencies": {
        "csstype": "^3.2.3"
      },
      "devDependencies": {
        "@types/node": "^20.11.16",
        "typescript": "^5.3.3"
      },
      "engines": {
        "node": ">=20"
      }
    },
    "../../../../_win_repos/jsx-htmx/node_modules/@types/node": {
      "version": "20.11.16",
      "dev": true,
      "license": "MIT",
      "dependencies": {
        "undici-types": "~5.26.4"
      }
    },
    "../../../../_win_repos/jsx-htmx/node_modules/csstype": {
      "version": "3.2.3",
      "license": "MIT"
    },
    "../../../../_win_repos/jsx-htmx/node_modules/typescript": {
      "version": "5.3.3",
      "dev": true,
      "license": "Apache-2.0",
      "bin": {
        "tsc": "bin/tsc",
        "tsserver": "bin/tsserver"
      },
      "engines": {
        "node": ">=14.17"
      }
    },
    "../../../../_win_repos/jsx-htmx/node_modules/undici-types": {
      "version": "5.26.5",
      "dev": true,
      "license": "MIT"
    },
    "auth/nodejs": {
      "name": "@betterportal/auth-nodejs",
      "version": "1.0.0",
      "license": "(AGPL-3.0-only OR Commercial)",
      "dependencies": {
        "@betterportal/framework-nodejs": "file:../../framework/nodejs",
        "zod": "^4.3.6"
      },
      "devDependencies": {
        "@bsb/base": "^9.0.5",
        "@types/node": "^24.3.0",
        "typescript": "^5.9.3"
      }
    },
    "framework/nodejs": {
      "name": "@betterportal/framework-nodejs",
      "version": "1.0.0",
      "license": "(AGPL-3.0-only OR Commercial)",
      "dependencies": {
        "zod": "^4.3.6"
      },
      "devDependencies": {
        "typescript": "^5.9.3"
      }
    },
    "node_modules/@betterportal/auth-nodejs": {
      "resolved": "auth/nodejs",
      "link": true
    },
    "node_modules/@betterportal/framework-nodejs": {
      "resolved": "framework/nodejs",
      "link": true
    },
    "node_modules/@betterportal/plugin-bsb-nodejs": {
      "resolved": "plugins/nodejs/betterportal-bsb",
      "link": true
    },
    "node_modules/@betterportal/service-hello-view-nodejs": {
      "resolved": "services/nodejs/examples/hello-view",
      "link": true
    },
    "node_modules/@betterportal/theme-bootstrap1-nodejs": {
      "resolved": "themes/nodejs/bootstrap1",
      "link": true
    },
    "node_modules/@betterportal/theme-embedded-nodejs": {
      "resolved": "themes/nodejs/embedded",
      "link": true
    },
    "node_modules/@bsb/base": {
      "version": "9.0.5",
      "dev": true,
      "license": "(AGPL-3.0-only OR Commercial)",
      "dependencies": {
        "uuid": "^13.0.0",
        "yaml": "^2.8.2",
        "zod": "^4.3.6"
      },
      "bin": {
        "bsb": "lib/cli.js",
        "bsb-client-cli": "lib/scripts/bsb-client-cli.js",
        "bsb-plugin-cli": "lib/scripts/bsb-plugin-cli.js"
      },
      "engines": {
        "node": ">=23.0.0",
        "npm": ">=11.0.0"
      }
    },
    "node_modules/@types/node": {
      "version": "24.12.0",
      "dev": true,
      "license": "MIT",
      "dependencies": {
        "undici-types": "~7.16.0"
      }
    },
    "node_modules/typescript": {
      "version": "5.9.3",
      "dev": true,
      "license": "Apache-2.0",
      "bin": {
        "tsc": "bin/tsc",
        "tsserver": "bin/tsserver"
      },
      "engines": {
        "node": ">=14.17"
      }
    },
    "node_modules/undici-types": {
      "version": "7.16.0",
      "dev": true,
      "license": "MIT"
    },
    "node_modules/uuid": {
      "version": "13.0.0",
      "dev": true,
      "funding": [
        "https://github.com/sponsors/broofa",
        "https://github.com/sponsors/ctavan"
      ],
      "license": "MIT",
      "bin": {
        "uuid": "dist-node/bin/uuid"
      }
    },
    "node_modules/yaml": {
      "version": "2.8.3",
      "dev": true,
      "license": "ISC",
      "bin": {
        "yaml": "bin.mjs"
      },
      "engines": {
        "node": ">= 14.6"
      },
      "funding": {
        "url": "https://github.com/sponsors/eemeli"
      }
    },
    "node_modules/zod": {
      "version": "4.3.6",
      "license": "MIT",
      "funding": {
        "url": "https://github.com/sponsors/colinhacks"
      }
    },
    "plugins/nodejs/betterportal-bsb": {
      "name": "@betterportal/plugin-bsb-nodejs",
      "version": "1.0.0",
      "license": "(AGPL-3.0-only OR Commercial)",
      "dependencies": {
        "@betterportal/framework-nodejs": "file:../../../framework/nodejs"
      },
      "devDependencies": {
        "@bsb/base": "^9.0.5",
        "typescript": "^5.9.3"
      },
      "peerDependencies": {
        "@bsb/base": "^9.0.5"
      }
    },
    "services/nodejs/examples/hello-view": {
      "name": "@betterportal/service-hello-view-nodejs",
      "version": "1.0.0",
      "license": "(AGPL-3.0-only OR Commercial)",
      "dependencies": {
        "@betterportal/framework-nodejs": "file:../../../../framework/nodejs",
        "jsx-htmx": "^2.0.1",
        "zod": "^4.3.6"
      },
      "devDependencies": {
        "@bsb/base": "^9.0.5",
        "@types/node": "^24.3.0",
        "typescript": "^5.9.3"
      }
    },
    "services/nodejs/examples/hello-view/node_modules/@betterportal/framework-nodejs": {
      "resolved": "framework/nodejs",
      "link": true
    },
    "services/nodejs/examples/hello-view/node_modules/@bsb/base": {
      "version": "9.0.5",
      "dev": true,
      "license": "(AGPL-3.0-only OR Commercial)",
      "dependencies": {
        "uuid": "^13.0.0",
        "yaml": "^2.8.2",
        "zod": "^4.3.6"
      },
      "bin": {
        "bsb": "lib/cli.js",
        "bsb-client-cli": "lib/scripts/bsb-client-cli.js",
        "bsb-plugin-cli": "lib/scripts/bsb-plugin-cli.js"
      },
      "engines": {
        "node": ">=23.0.0",
        "npm": ">=11.0.0"
      }
    },
    "services/nodejs/examples/hello-view/node_modules/@types/node": {
      "version": "24.12.0",
      "dev": true,
      "license": "MIT",
      "dependencies": {
        "undici-types": "~7.16.0"
      }
    },
    "services/nodejs/examples/hello-view/node_modules/jsx-htmx": {
      "resolved": "../../../../_win_repos/jsx-htmx",
      "link": true
    },
    "services/nodejs/examples/hello-view/node_modules/typescript": {
      "version": "5.9.3",
      "dev": true,
      "license": "Apache-2.0",
      "bin": {
        "tsc": "bin/tsc",
        "tsserver": "bin/tsserver"
      },
      "engines": {
        "node": ">=14.17"
      }
    },
    "services/nodejs/examples/hello-view/node_modules/undici-types": {
      "version": "7.16.0",
      "dev": true,
      "license": "MIT"
    },
    "services/nodejs/examples/hello-view/node_modules/uuid": {
      "version": "13.0.0",
      "dev": true,
      "funding": [
        "https://github.com/sponsors/broofa",
        "https://github.com/sponsors/ctavan"
      ],
      "license": "MIT",
      "bin": {
        "uuid": "dist-node/bin/uuid"
      }
    },
    "services/nodejs/examples/hello-view/node_modules/yaml": {
      "version": "2.8.3",
      "dev": true,
      "license": "ISC",
      "bin": {
        "yaml": "bin.mjs"
      },
      "engines": {
        "node": ">= 14.6"
      },
      "funding": {
        "url": "https://github.com/sponsors/eemeli"
      }
    },
    "services/nodejs/examples/hello-view/node_modules/zod": {
      "version": "4.3.6",
      "license": "MIT",
      "funding": {
        "url": "https://github.com/sponsors/colinhacks"
      }
    },
    "themes/nodejs/bootstrap1": {
      "name": "@betterportal/theme-bootstrap1-nodejs",
      "version": "1.0.0",
      "license": "(AGPL-3.0-only OR Commercial)",
      "dependencies": {
        "@betterportal/framework-nodejs": "file:../../../framework/nodejs",
        "@types/node": "^24.12.0",
        "jsx-htmx": "^2.0.1",
        "zod": "^4.3.6"
      },
      "devDependencies": {
        "@bsb/base": "^9.0.5",
        "typescript": "^5.9.3"
      }
    },
    "themes/nodejs/bootstrap1/node_modules/@betterportal/framework-nodejs": {
      "resolved": "framework/nodejs",
      "link": true
    },
    "themes/nodejs/bootstrap1/node_modules/@bsb/base": {
      "version": "9.0.5",
      "dev": true,
      "license": "(AGPL-3.0-only OR Commercial)",
      "dependencies": {
        "uuid": "^13.0.0",
        "yaml": "^2.8.2",
        "zod": "^4.3.6"
      },
      "bin": {
        "bsb": "lib/cli.js",
        "bsb-client-cli": "lib/scripts/bsb-client-cli.js",
        "bsb-plugin-cli": "lib/scripts/bsb-plugin-cli.js"
      },
      "engines": {
        "node": ">=23.0.0",
        "npm": ">=11.0.0"
      }
    },
    "themes/nodejs/bootstrap1/node_modules/@types/node": {
      "version": "24.12.0",
      "license": "MIT",
      "dependencies": {
        "undici-types": "~7.16.0"
      }
    },
    "themes/nodejs/bootstrap1/node_modules/csstype": {
      "version": "3.2.3",
      "license": "MIT"
    },
    "themes/nodejs/bootstrap1/node_modules/jsx-htmx": {
      "version": "2.0.1",
      "license": "AGPL-3.0-only",
      "dependencies": {
        "csstype": "^3.2.3"
      },
      "engines": {
        "node": ">=20"
      }
    },
    "themes/nodejs/bootstrap1/node_modules/typescript": {
      "version": "5.9.3",
      "dev": true,
      "license": "Apache-2.0",
      "bin": {
        "tsc": "bin/tsc",
        "tsserver": "bin/tsserver"
      },
      "engines": {
        "node": ">=14.17"
      }
    },
    "themes/nodejs/bootstrap1/node_modules/undici-types": {
      "version": "7.16.0",
      "license": "MIT"
    },
    "themes/nodejs/bootstrap1/node_modules/uuid": {
      "version": "13.0.0",
      "dev": true,
      "funding": [
        "https://github.com/sponsors/broofa",
        "https://github.com/sponsors/ctavan"
      ],
      "license": "MIT",
      "bin": {
        "uuid": "dist-node/bin/uuid"
      }
    },
    "themes/nodejs/bootstrap1/node_modules/yaml": {
      "version": "2.8.3",
      "dev": true,
      "license": "ISC",
      "bin": {
        "yaml": "bin.mjs"
      },
      "engines": {
        "node": ">= 14.6"
      },
      "funding": {
        "url": "https://github.com/sponsors/eemeli"
      }
    },
    "themes/nodejs/bootstrap1/node_modules/zod": {
      "version": "4.3.6",
      "license": "MIT",
      "funding": {
        "url": "https://github.com/sponsors/colinhacks"
      }
    },
    "themes/nodejs/embedded": {
      "name": "@betterportal/theme-embedded-nodejs",
      "version": "1.0.0",
      "license": "(AGPL-3.0-only OR Commercial)",
      "dependencies": {
        "@betterportal/framework-nodejs": "file:../../../framework/nodejs",
        "@types/node": "^24.12.0",
        "jsx-htmx": "^2.0.1",
        "zod": "^4.3.6"
      },
      "devDependencies": {
        "@bsb/base": "^9.0.5",
        "typescript": "^5.9.3"
      }
    },
    "themes/nodejs/embedded/node_modules/@betterportal/framework-nodejs": {
      "resolved": "framework/nodejs",
      "link": true
    },
    "themes/nodejs/embedded/node_modules/@bsb/base": {
      "version": "9.0.5",
      "dev": true,
      "license": "(AGPL-3.0-only OR Commercial)",
      "dependencies": {
        "uuid": "^13.0.0",
        "yaml": "^2.8.2",
        "zod": "^4.3.6"
      },
      "bin": {
        "bsb": "lib/cli.js",
        "bsb-client-cli": "lib/scripts/bsb-client-cli.js",
        "bsb-plugin-cli": "lib/scripts/bsb-plugin-cli.js"
      },
      "engines": {
        "node": ">=23.0.0",
        "npm": ">=11.0.0"
      }
    },
    "themes/nodejs/embedded/node_modules/@types/node": {
      "version": "24.12.0",
      "license": "MIT",
      "dependencies": {
        "undici-types": "~7.16.0"
      }
    },
    "themes/nodejs/embedded/node_modules/jsx-htmx": {
      "resolved": "../../../../_win_repos/jsx-htmx",
      "link": true
    },
    "themes/nodejs/embedded/node_modules/typescript": {
      "version": "5.9.3",
      "dev": true,
      "license": "Apache-2.0",
      "bin": {
        "tsc": "bin/tsc",
        "tsserver": "bin/tsserver"
      },
      "engines": {
        "node": ">=14.17"
      }
    },
    "themes/nodejs/embedded/node_modules/undici-types": {
      "version": "7.16.0",
      "license": "MIT"
    },
    "themes/nodejs/embedded/node_modules/uuid": {
      "version": "13.0.0",
      "dev": true,
      "funding": [
        "https://github.com/sponsors/broofa",
        "https://github.com/sponsors/ctavan"
      ],
      "license": "MIT",
      "bin": {
        "uuid": "dist-node/bin/uuid"
      }
    },
    "themes/nodejs/embedded/node_modules/yaml": {
      "version": "2.8.3",
      "dev": true,
      "license": "ISC",
      "bin": {
        "yaml": "bin.mjs"
      },
      "engines": {
        "node": ">= 14.6"
      },
      "funding": {
        "url": "https://github.com/sponsors/eemeli"
      }
    },
    "themes/nodejs/embedded/node_modules/zod": {
      "version": "4.3.6",
      "license": "MIT",
      "funding": {
        "url": "https://github.com/sponsors/colinhacks"
      }
    }
  }
}
