{
  "name": "@betterportal/theme-embedded-nodejs",
  "version": "1.0.0",
  "lockfileVersion": 3,
  "requires": true,
  "packages": {
    "": {
      "name": "@betterportal/theme-embedded-nodejs",
      "version": "1.0.0",
      "license": "(AGPL-3.0-only OR Commercial)",
      "dependencies": {
        "@betterportal/framework-nodejs": "file:../../../framework/nodejs",
        "@types/node": "^24.12.0",
        "jsx-htmx": "file:C:/Users/MitchellRobert/_win_repos/jsx-htmx",
        "zod": "^4.3.6"
      },
      "devDependencies": {
        "@bsb/base": "^9.0.5",
        "typescript": "^5.9.3"
      }
    },
    "../../../../../../../_win_repos/jsx-htmx": {
      "version": "2.0.0",
      "license": "AGPL-3.0-only",
      "dependencies": {
        "csstype": "^3.2.3"
      },
      "devDependencies": {
        "@types/node": "^20.11.16",
        "typescript": "^5.3.3"
      },
      "engines": {
        "node": ">=18"
      }
    },
    "../../../framework/nodejs": {
      "name": "@betterportal/framework-nodejs",
      "version": "1.0.0",
      "license": "(AGPL-3.0-only OR Commercial)",
      "dependencies": {
        "zod": "^4.3.6"
      },
      "devDependencies": {
        "@bsb/base": "^9.0.5",
        "typescript": "^5.9.3"
      },
      "peerDependencies": {
        "@bsb/base": "^9.0.5"
      }
    },
    "node_modules/@betterportal/framework-nodejs": {
      "resolved": "../../../framework/nodejs",
      "link": true
    },
    "node_modules/@bsb/base": {
      "version": "9.0.5",
      "resolved": "https://registry.npmjs.org/@bsb/base/-/base-9.0.5.tgz",
      "integrity": "sha512-0unCa2Zuj5IuK4xHMfZUH3dxZlC8LBZXhPxGXnG0seyZU/JCo+VCYL43NboV8CDPDqF37dFWYnYNhasAsFBu+Q==",
      "dev": true,
      "license": "(AGPL-3.0-only OR Commercial)",
      "dependencies": {
        "uuid": "^13.0.0",
        "yaml": "^2.8.2",
        "zod": "^4.3.6"
      },
      "bin": {
        "bsb": "lib/cli.js",
        "bsb-client-cli": "lib/scripts/bsb-client-cli.js",
        "bsb-plugin-cli": "lib/scripts/bsb-plugin-cli.js"
      },
      "engines": {
        "node": ">=23.0.0",
        "npm": ">=11.0.0"
      }
    },
    "node_modules/@types/node": {
      "version": "24.12.0",
      "resolved": "https://registry.npmjs.org/@types/node/-/node-24.12.0.tgz",
      "integrity": "sha512-GYDxsZi3ChgmckRT9HPU0WEhKLP08ev/Yfcq2AstjrDASOYCSXeyjDsHg4v5t4jOj7cyDX3vmprafKlWIG9MXQ==",
      "license": "MIT",
      "dependencies": {
        "undici-types": "~7.16.0"
      }
    },
    "node_modules/jsx-htmx": {
      "resolved": "../../../../../../../_win_repos/jsx-htmx",
      "link": true
    },
    "node_modules/typescript": {
      "version": "5.9.3",
      "resolved": "https://registry.npmjs.org/typescript/-/typescript-5.9.3.tgz",
      "integrity": "sha512-jl1vZzPDinLr9eUt3J/t7V6FgNEw9QjvBPdysz9KfQDD41fQrC2Y4vKQdiaUpFT4bXlb1RHhLpp8wtm6M5TgSw==",
      "dev": true,
      "license": "Apache-2.0",
      "bin": {
        "tsc": "bin/tsc",
        "tsserver": "bin/tsserver"
      },
      "engines": {
        "node": ">=14.17"
      }
    },
    "node_modules/undici-types": {
      "version": "7.16.0",
      "resolved": "https://registry.npmjs.org/undici-types/-/undici-types-7.16.0.tgz",
      "integrity": "sha512-Zz+aZWSj8LE6zoxD+xrjh4VfkIG8Ya6LvYkZqtUQGJPZjYl53ypCaUwWqo7eI0x66KBGeRo+mlBEkMSeSZ38Nw==",
      "license": "MIT"
    },
    "node_modules/uuid": {
      "version": "13.0.0",
      "resolved": "https://registry.npmjs.org/uuid/-/uuid-13.0.0.tgz",
      "integrity": "sha512-XQegIaBTVUjSHliKqcnFqYypAd4S+WCYt5NIeRs6w/UAry7z8Y9j5ZwRRL4kzq9U3sD6v+85er9FvkEaBpji2w==",
      "dev": true,
      "funding": [
        "https://github.com/sponsors/broofa",
        "https://github.com/sponsors/ctavan"
      ],
      "license": "MIT",
      "bin": {
        "uuid": "dist-node/bin/uuid"
      }
    },
    "node_modules/yaml": {
      "version": "2.8.3",
      "resolved": "https://registry.npmjs.org/yaml/-/yaml-2.8.3.tgz",
      "integrity": "sha512-AvbaCLOO2Otw/lW5bmh9d/WEdcDFdQp2Z2ZUH3pX9U2ihyUY0nvLv7J6TrWowklRGPYbB/IuIMfYgxaCPg5Bpg==",
      "dev": true,
      "license": "ISC",
      "bin": {
        "yaml": "bin.mjs"
      },
      "engines": {
        "node": ">= 14.6"
      },
      "funding": {
        "url": "https://github.com/sponsors/eemeli"
      }
    },
    "node_modules/zod": {
      "version": "4.3.6",
      "resolved": "https://registry.npmjs.org/zod/-/zod-4.3.6.tgz",
      "integrity": "sha512-rftlrkhHZOcjDwkGlnUtZZkvaPHCsDATp4pGpuOOMDaTdDDXF91wuVDJoWoPsKX/3YPQ5fHuF3STjcYyKr+Qhg==",
      "license": "MIT",
      "funding": {
        "url": "https://github.com/sponsors/colinhacks"
      }
    }
  }
}
